{
  "nodes": {
    "flake-utils": {
      "inputs": {
        "systems": "systems"
      },
      "locked": {
        "lastModified": 1731533236,
        "narHash": "sha256-l0KFg5HjrsfsO/JpG+r7fRrqm12kzFHyUHqHCVpMMbI=",
        "owner": "numtide",
        "repo": "flake-utils",
        "rev": "11707dc2f618dd54ca8739b309ec4fc024de578b",
        "type": "github"
      },
      "original": {
        "owner": "numtide",
        "repo": "flake-utils",
        "type": "github"
      }
    },
    "home-manager": {
      "inputs": {
        "nixpkgs": "nixpkgs"
      },
      "locked": {
        "lastModified": 1749526396,
        "narHash": "sha256-UL9F76abAk87llXOrcQRjhd5OaOclUd6MIltsqcUZmo=",
        "owner": "nix-community",
        "repo": "home-manager",
        "rev": "427c96044f11a5da50faf6adaf38c9fa47e6d044",
        "type": "github"
      },
      "original": {
        "owner": "nix-community",
        "repo": "home-manager",
        "type": "github"
      }
    },
    "hypr-flake": {
      "locked": {
        "lastModified": 1749566811,
        "narHash": "sha256-Yh/IUVcB5J5rh13vM0yqMv1F7dm9EaNs2poP6+cvSY4=",
        "owner": "akSkwYX",
        "repo": "hypr-dotfiles",
        "rev": "b676f3ee4fd97bc1f602c01e11da5ed5dcad450c",
        "type": "github"
      },
      "original": {
        "owner": "akSkwYX",
        "repo": "hypr-dotfiles",
        "type": "github"
      }
    },
    "neovim-flake": {
      "locked": {
        "lastModified": 1749567502,
        "narHash": "sha256-AUnTksNtkGlLAxlX3LPxRhZprp6wtgN3bV3LRjUBhR8=",
        "owner": "akSkwYX",
        "repo": "neovim-dotfiles",
        "rev": "67ff0cc3d3383425ef9fbc344a33ef07cfae0f8f",
        "type": "github"
      },
      "original": {
        "owner": "akSkwYX",
        "repo": "neovim-dotfiles",
        "type": "github"
      }
    },
    "nixpkgs": {
      "locked": {
        "lastModified": 1749143949,
        "narHash": "sha256-QuUtALJpVrPnPeozlUG/y+oIMSLdptHxb3GK6cpSVhA=",
        "owner": "NixOS",
        "repo": "nixpkgs",
        "rev": "d3d2d80a2191a73d1e86456a751b83aa13085d7d",
        "type": "github"
      },
      "original": {
        "owner": "NixOS",
        "ref": "nixos-unstable",
        "repo": "nixpkgs",
        "type": "github"
      }
    },
    "nixpkgs_2": {
      "locked": {
        "lastModified": 1749285348,
        "narHash": "sha256-frdhQvPbmDYaScPFiCnfdh3B/Vh81Uuoo0w5TkWmmjU=",
        "owner": "nixos",
        "repo": "nixpkgs",
        "rev": "3e3afe5174c561dee0df6f2c2b2236990146329f",
        "type": "github"
      },
      "original": {
        "owner": "nixos",
        "ref": "nixos-unstable",
        "repo": "nixpkgs",
        "type": "github"
      }
    },
    "nixpkgs_3": {
      "locked": {
        "lastModified": 1748693115,
        "narHash": "sha256-StSrWhklmDuXT93yc3GrTlb0cKSS0agTAxMGjLKAsY8=",
        "owner": "nixos",
        "repo": "nixpkgs",
        "rev": "910796cabe436259a29a72e8d3f5e180fc6dfacc",
        "type": "github"
      },
      "original": {
        "owner": "nixos",
        "ref": "nixos-unstable",
        "repo": "nixpkgs",
        "type": "github"
      }
    },
    "root": {
      "inputs": {
        "flake-utils": "flake-utils",
        "home-manager": "home-manager",
        "hypr-flake": "hypr-flake",
        "neovim-flake": "neovim-flake",
        "nixpkgs": "nixpkgs_2",
        "zen-browser": "zen-browser"
      }
    },
    "systems": {
      "locked": {
        "lastModified": 1681028828,
        "narHash": "sha256-Vy1rq5AaRuLzOxct8nz4T6wlgyUR7zLU309k9mBC768=",
        "owner": "nix-systems",
        "repo": "default",
        "rev": "da67096a3b9bf56a91d16901293e51ba5b49a27e",
        "type": "github"
      },
      "original": {
        "owner": "nix-systems",
        "repo": "default",
        "type": "github"
      }
    },
    "zen-browser": {
      "inputs": {
        "nixpkgs": "nixpkgs_3"
      },
      "locked": {
        "lastModified": 1748971473,
        "narHash": "sha256-0Xh6sZI86Ops6u7wyDQlVvV+MvRRXIDb1r3sMnLNk9M=",
        "owner": "youwen5",
        "repo": "zen-browser-flake",
        "rev": "5cc269976ca876674d8ccc7f40debb61e05583ab",
        "type": "github"
      },
      "original": {
        "owner": "youwen5",
        "repo": "zen-browser-flake",
        "type": "github"
      }
    }
  },
  "root": "root",
  "version": 7
}
